
Microsoft Visual Studio Solution File, Format Version 12.00
# Visual Studio 14
VisualStudioVersion = 14.0.25420.1
MinimumVisualStudioVersion = 10.0.40219.1
Project("{9092AA53-FB77-4645-B42D-1CCCA6BD08BD}") = "IDE_HW3", "IDE_HW3\IDE_HW3.njsproj", "{B97549B3-CAA4-4CBB-95FB-FA595B1AF2CC}"
EndProject
Global
	GlobalSection(SolutionConfigurationPlatforms) = preSolution
		Debug|Any CPU = Debug|Any CPU
		Release|Any CPU = Release|Any CPU
	EndGlobalSection
	GlobalSection(ProjectConfigurationPlatforms) = postSolution
		{B97549B3-CAA4-4CBB-95FB-FA595B1AF2CC}.Debug|Any CPU.ActiveCfg = Debug|Any CPU
		{B97549B3-CAA4-4CBB-95FB-FA595B1AF2CC}.Debug|Any CPU.Build.0 = Debug|Any CPU
		{B97549B3-CAA4-4CBB-95FB-FA595B1AF2CC}.Release|Any CPU.ActiveCfg = Release|Any CPU
		{B97549B3-CAA4-4CBB-95FB-FA595B1AF2CC}.Release|Any CPU.Build.0 = Release|Any CPU
	EndGlobalSection
	GlobalSection(SolutionProperties) = preSolution
		HideSolutionNode = FALSE
	EndGlobalSection
EndGlobal
